// !$*UTF8*$!
{
	archiveVersion = 1;
	classes = {
	};
	objectVersion = 48;
	objects = {

/* Begin PBXBuildFile section */
		890CEB7E1FB6468200189171 /* GlobalImpact.swift in Sources */ = {isa = PBXBuildFile; fileRef = 890CEB7D1FB6468200189171 /* GlobalImpact.swift */; };
		89105D231FA25D7600651100 /* Creatvivity.swift in Sources */ = {isa = PBXBuildFile; fileRef = 89105D221FA25D7600651100 /* Creatvivity.swift */; };
		89158A3A1FCC98B100AD7E5C /* AbstractionViewController.swift in Sources */ = {isa = PBXBuildFile; fileRef = 89158A391FCC98B100AD7E5C /* AbstractionViewController.swift */; };
		8977169D1FB3974F0077F24F /* AlgorithmViewController.swift in Sources */ = {isa = PBXBuildFile; fileRef = 8977169C1FB3974F0077F24F /* AlgorithmViewController.swift */; };
		89920C0A1FC35FD700CC2623 /* Holdable.swift in Sources */ = {isa = PBXBuildFile; fileRef = 89920C091FC35FD700CC2623 /* Holdable.swift */; };
		89920C0C1FC360B000CC2623 /* HeldObjects.swift in Sources */ = {isa = PBXBuildFile; fileRef = 89920C0B1FC360B000CC2623 /* HeldObjects.swift */; };
		89B123FB1FA2569A00C355E1 /* AppDelegate.swift in Sources */ = {isa = PBXBuildFile; fileRef = 89B123FA1FA2569A00C355E1 /* AppDelegate.swift */; };
		89B123FD1FA2569A00C355E1 /* ViewController.swift in Sources */ = {isa = PBXBuildFile; fileRef = 89B123FC1FA2569A00C355E1 /* ViewController.swift */; };
		89B124001FA2569A00C355E1 /* Main.storyboard in Resources */ = {isa = PBXBuildFile; fileRef = 89B123FE1FA2569A00C355E1 /* Main.storyboard */; };
		89B124021FA2569A00C355E1 /* Assets.xcassets in Resources */ = {isa = PBXBuildFile; fileRef = 89B124011FA2569A00C355E1 /* Assets.xcassets */; };
		89B124051FA2569A00C355E1 /* LaunchScreen.storyboard in Resources */ = {isa = PBXBuildFile; fileRef = 89B124031FA2569A00C355E1 /* LaunchScreen.storyboard */; };
		89DC6C1B1FCF3695009AC9DA /* InternetMasterViewController.swift in Sources */ = {isa = PBXBuildFile; fileRef = 89DC6C1A1FCF3695009AC9DA /* InternetMasterViewController.swift */; };
		89DC6C1D1FCF39E8009AC9DA /* InternetDetailViewController.swift in Sources */ = {isa = PBXBuildFile; fileRef = 89DC6C1C1FCF39E8009AC9DA /* InternetDetailViewController.swift */; };
/* End PBXBuildFile section */

/* Begin PBXFileReference section */
		890CEB7D1FB6468200189171 /* GlobalImpact.swift */ = {isa = PBXFileReference; lastKnownFileType = sourcecode.swift; path = GlobalImpact.swift; sourceTree = "<group>"; };
		89105D221FA25D7600651100 /* Creatvivity.swift */ = {isa = PBXFileReference; lastKnownFileType = sourcecode.swift; path = Creatvivity.swift; sourceTree = "<group>"; };
		89158A391FCC98B100AD7E5C /* AbstractionViewController.swift */ = {isa = PBXFileReference; lastKnownFileType = sourcecode.swift; path = AbstractionViewController.swift; sourceTree = "<group>"; };
		8977169C1FB3974F0077F24F /* AlgorithmViewController.swift */ = {isa = PBXFileReference; lastKnownFileType = sourcecode.swift; path = AlgorithmViewController.swift; sourceTree = "<group>"; };
		89920C091FC35FD700CC2623 /* Holdable.swift */ = {isa = PBXFileReference; lastKnownFileType = sourcecode.swift; path = Holdable.swift; sourceTree = "<group>"; };
		89920C0B1FC360B000CC2623 /* HeldObjects.swift */ = {isa = PBXFileReference; lastKnownFileType = sourcecode.swift; path = HeldObjects.swift; sourceTree = "<group>"; };
		89B123F71FA2569A00C355E1 /* CSPFrameworkApp.app */ = {isa = PBXFileReference; explicitFileType = wrapper.application; includeInIndex = 0; path = CSPFrameworkApp.app; sourceTree = BUILT_PRODUCTS_DIR; };
		89B123FA1FA2569A00C355E1 /* AppDelegate.swift */ = {isa = PBXFileReference; lastKnownFileType = sourcecode.swift; path = AppDelegate.swift; sourceTree = "<group>"; };
		89B123FC1FA2569A00C355E1 /* ViewController.swift */ = {isa = PBXFileReference; lastKnownFileType = sourcecode.swift; path = ViewController.swift; sourceTree = "<group>"; };
		89B123FF1FA2569A00C355E1 /* Base */ = {isa = PBXFileReference; lastKnownFileType = file.storyboard; name = Base; path = Base.lproj/Main.storyboard; sourceTree = "<group>"; };
		89B124011FA2569A00C355E1 /* Assets.xcassets */ = {isa = PBXFileReference; lastKnownFileType = folder.assetcatalog; path = Assets.xcassets; sourceTree = "<group>"; };
		89B124041FA2569A00C355E1 /* Base */ = {isa = PBXFileReference; lastKnownFileType = file.storyboard; name = Base; path = Base.lproj/LaunchScreen.storyboard; sourceTree = "<group>"; };
		89B124061FA2569A00C355E1 /* Info.plist */ = {isa = PBXFileReference; lastKnownFileType = text.plist.xml; path = Info.plist; sourceTree = "<group>"; };
		89DC6C1A1FCF3695009AC9DA /* InternetMasterViewController.swift */ = {isa = PBXFileReference; lastKnownFileType = sourcecode.swift; path = InternetMasterViewController.swift; sourceTree = "<group>"; };
		89DC6C1C1FCF39E8009AC9DA /* InternetDetailViewController.swift */ = {isa = PBXFileReference; lastKnownFileType = sourcecode.swift; path = InternetDetailViewController.swift; sourceTree = "<group>"; };
/* End PBXFileReference section */

/* Begin PBXFrameworksBuildPhase section */
		89B123F41FA2569A00C355E1 /* Frameworks */ = {
			isa = PBXFrameworksBuildPhase;
			buildActionMask = 2147483647;
			files = (
			);
			runOnlyForDeploymentPostprocessing = 0;
		};
/* End PBXFrameworksBuildPhase section */

/* Begin PBXGroup section */
		89B123EE1FA2569A00C355E1 = {
			isa = PBXGroup;
			children = (
				89B123F91FA2569A00C355E1 /* CSPFrameworkApp */,
				89B123F81FA2569A00C355E1 /* Products */,
			);
			sourceTree = "<group>";
		};
		89B123F81FA2569A00C355E1 /* Products */ = {
			isa = PBXGroup;
			children = (
				89B123F71FA2569A00C355E1 /* CSPFrameworkApp.app */,
			);
			name = Products;
			sourceTree = "<group>";
		};
		89B123F91FA2569A00C355E1 /* CSPFrameworkApp */ = {
			isa = PBXGroup;
			children = (
				89B1240C1FA256FE00C355E1 /* Controller */,
				89B1240D1FA2570D00C355E1 /* View */,
				89B1240F1FA2571E00C355E1 /* Resoruces */,
				89B1240E1FA2571700C355E1 /* Model */,
			);
			path = CSPFrameworkApp;
			sourceTree = "<group>";
		};
		89B1240C1FA256FE00C355E1 /* Controller */ = {
			isa = PBXGroup;
			children = (
				89B123FC1FA2569A00C355E1 /* ViewController.swift */,
				89B123FA1FA2569A00C355E1 /* AppDelegate.swift */,
				89105D221FA25D7600651100 /* Creatvivity.swift */,
				8977169C1FB3974F0077F24F /* AlgorithmViewController.swift */,
				890CEB7D1FB6468200189171 /* GlobalImpact.swift */,
				89158A391FCC98B100AD7E5C /* AbstractionViewController.swift */,
				89DC6C1A1FCF3695009AC9DA /* InternetMasterViewController.swift */,
				89DC6C1C1FCF39E8009AC9DA /* InternetDetailViewController.swift */,
			);
			path = Controller;
			sourceTree = "<group>";
		};
		89B1240D1FA2570D00C355E1 /* View */ = {
			isa = PBXGroup;
			children = (
				89B124031FA2569A00C355E1 /* LaunchScreen.storyboard */,
				89B123FE1FA2569A00C355E1 /* Main.storyboard */,
			);
			path = View;
			sourceTree = "<group>";
		};
		89B1240E1FA2571700C355E1 /* Model */ = {
			isa = PBXGroup;
			children = (
				89920C091FC35FD700CC2623 /* Holdable.swift */,
				89920C0B1FC360B000CC2623 /* HeldObjects.swift */,
			);
			path = Model;
			sourceTree = "<group>";
		};
		89B1240F1FA2571E00C355E1 /* Resoruces */ = {
			isa = PBXGroup;
			children = (
				89B124061FA2569A00C355E1 /* Info.plist */,
				89B124011FA2569A00C355E1 /* Assets.xcassets */,
			);
			path = Resoruces;
			sourceTree = "<group>";
		};
/* End PBXGroup section */

/* Begin PBXNativeTarget section */
		89B123F61FA2569A00C355E1 /* CSPFrameworkApp */ = {
			isa = PBXNativeTarget;
			buildConfigurationList = 89B124091FA2569A00C355E1 /* Build configuration list for PBXNativeTarget "CSPFrameworkApp" */;
			buildPhases = (
				89B123F31FA2569A00C355E1 /* Sources */,
				89B123F41FA2569A00C355E1 /* Frameworks */,
				89B123F51FA2569A00C355E1 /* Resources */,
			);
			buildRules = (
			);
			dependencies = (
			);
			name = CSPFrameworkApp;
			productName = CSPFrameworkApp;
			productReference = 89B123F71FA2569A00C355E1 /* CSPFrameworkApp.app */;
			productType = "com.apple.product-type.application";
		};
/* End PBXNativeTarget section */

/* Begin PBXProject section */
		89B123EF1FA2569A00C355E1 /* Project object */ = {
			isa = PBXProject;
			attributes = {
				LastSwiftUpdateCheck = 0900;
				LastUpgradeCheck = 0900;
				ORGANIZATIONNAME = "Jones, Alec";
				TargetAttributes = {
					89B123F61FA2569A00C355E1 = {
						CreatedOnToolsVersion = 9.0;
						ProvisioningStyle = Automatic;
					};
				};
			};
			buildConfigurationList = 89B123F21FA2569A00C355E1 /* Build configuration list for PBXProject "CSPFrameworkAppAlecJones" */;
			compatibilityVersion = "Xcode 8.0";
			developmentRegion = en;
			hasScannedForEncodings = 0;
			knownRegions = (
				en,
				Base,
			);
			mainGroup = 89B123EE1FA2569A00C355E1;
			productRefGroup = 89B123F81FA2569A00C355E1 /* Products */;
			projectDirPath = "";
			projectRoot = "";
			targets = (
				89B123F61FA2569A00C355E1 /* CSPFrameworkApp */,
			);
		};
/* End PBXProject section */

/* Begin PBXResourcesBuildPhase section */
		89B123F51FA2569A00C355E1 /* Resources */ = {
			isa = PBXResourcesBuildPhase;
			buildActionMask = 2147483647;
			files = (
				89B124051FA2569A00C355E1 /* LaunchScreen.storyboard in Resources */,
				89B124021FA2569A00C355E1 /* Assets.xcassets in Resources */,
				89B124001FA2569A00C355E1 /* Main.storyboard in Resources */,
			);
			runOnlyForDeploymentPostprocessing = 0;
		};
/* End PBXResourcesBuildPhase section */

/* Begin PBXSourcesBuildPhase section */
		89B123F31FA2569A00C355E1 /* Sources */ = {
			isa = PBXSourcesBuildPhase;
			buildActionMask = 2147483647;
			files = (
				89B123FD1FA2569A00C355E1 /* ViewController.swift in Sources */,
				890CEB7E1FB6468200189171 /* GlobalImpact.swift in Sources */,
				89920C0A1FC35FD700CC2623 /* Holdable.swift in Sources */,
				89158A3A1FCC98B100AD7E5C /* AbstractionViewController.swift in Sources */,
				89DC6C1B1FCF3695009AC9DA /* InternetMasterViewController.swift in Sources */,
				89B123FB1FA2569A00C355E1 /* AppDelegate.swift in Sources */,
				8977169D1FB3974F0077F24F /* AlgorithmViewController.swift in Sources */,
				89920C0C1FC360B000CC2623 /* HeldObjects.swift in Sources */,
				89DC6C1D1FCF39E8009AC9DA /* InternetDetailViewController.swift in Sources */,
				89105D231FA25D7600651100 /* Creatvivity.swift in Sources */,
			);
			runOnlyForDeploymentPostprocessing = 0;
		};
/* End PBXSourcesBuildPhase section */

/* Begin PBXVariantGroup section */
		89B123FE1FA2569A00C355E1 /* Main.storyboard */ = {
			isa = PBXVariantGroup;
			children = (
				89B123FF1FA2569A00C355E1 /* Base */,
			);
			name = Main.storyboard;
			sourceTree = "<group>";
		};
		89B124031FA2569A00C355E1 /* LaunchScreen.storyboard */ = {
			isa = PBXVariantGroup;
			children = (
				89B124041FA2569A00C355E1 /* Base */,
			);
			name = LaunchScreen.storyboard;
			sourceTree = "<group>";
		};
/* End PBXVariantGroup section */

/* Begin XCBuildConfiguration section */
		89B124071FA2569A00C355E1 /* Debug */ = {
			isa = XCBuildConfiguration;
			buildSettings = {
				ALWAYS_SEARCH_USER_PATHS = NO;
				CLANG_ANALYZER_NONNULL = YES;
				CLANG_ANALYZER_NUMBER_OBJECT_CONVERSION = YES_AGGRESSIVE;
				CLANG_CXX_LANGUAGE_STANDARD = "gnu++14";
				CLANG_CXX_LIBRARY = "libc++";
				CLANG_ENABLE_MODULES = YES;
				CLANG_ENABLE_OBJC_ARC = YES;
				CLANG_WARN_BLOCK_CAPTURE_AUTORELEASING = YES;
				CLANG_WARN_BOOL_CONVERSION = YES;
				CLANG_WARN_COMMA = YES;
				CLANG_WARN_CONSTANT_CONVERSION = YES;
				CLANG_WARN_DIRECT_OBJC_ISA_USAGE = YES_ERROR;
				CLANG_WARN_DOCUMENTATION_COMMENTS = YES;
				CLANG_WARN_EMPTY_BODY = YES;
				CLANG_WARN_ENUM_CONVERSION = YES;
				CLANG_WARN_INFINITE_RECURSION = YES;
				CLANG_WARN_INT_CONVERSION = YES;
				CLANG_WARN_NON_LITERAL_NULL_CONVERSION = YES;
				CLANG_WARN_OBJC_LITERAL_CONVERSION = YES;
				CLANG_WARN_OBJC_ROOT_CLASS = YES_ERROR;
				CLANG_WARN_RANGE_LOOP_ANALYSIS = YES;
				CLANG_WARN_STRICT_PROTOTYPES = YES;
				CLANG_WARN_SUSPICIOUS_MOVE = YES;
				CLANG_WARN_UNGUARDED_AVAILABILITY = YES_AGGRESSIVE;
				CLANG_WARN_UNREACHABLE_CODE = YES;
				CLANG_WARN__DUPLICATE_METHOD_MATCH = YES;
				CODE_SIGN_IDENTITY = "iPhone Developer";
				COPY_PHASE_STRIP = NO;
				DEBUG_INFORMATION_FORMAT = dwarf;
				ENABLE_STRICT_OBJC_MSGSEND = YES;
				ENABLE_TESTABILITY = YES;
				GCC_C_LANGUAGE_STANDARD = gnu11;
				GCC_DYNAMIC_NO_PIC = NO;
				GCC_NO_COMMON_BLOCKS = YES;
				GCC_OPTIMIZATION_LEVEL = 0;
				GCC_PREPROCESSOR_DEFINITIONS = (
					"DEBUG=1",
					"$(inherited)",
				);
				GCC_WARN_64_TO_32_BIT_CONVERSION = YES;
				GCC_WARN_ABOUT_RETURN_TYPE = YES_ERROR;
				GCC_WARN_UNDECLARED_SELECTOR = YES;
				GCC_WARN_UNINITIALIZED_AUTOS = YES_AGGRESSIVE;
				GCC_WARN_UNUSED_FUNCTION = YES;
				GCC_WARN_UNUSED_VARIABLE = YES;
				IPHONEOS_DEPLOYMENT_TARGET = 11.0;
				MTL_ENABLE_DEBUG_INFO = YES;
				ONLY_ACTIVE_ARCH = YES;
				SDKROOT = iphoneos;
				SWIFT_ACTIVE_COMPILATION_CONDITIONS = DEBUG;
				SWIFT_OPTIMIZATION_LEVEL = "-Onone";
			};
			name = Debug;
		};
		89B124081FA2569A00C355E1 /* Release */ = {
			isa = XCBuildConfiguration;
			buildSettings = {
				ALWAYS_SEARCH_USER_PATHS = NO;
				CLANG_ANALYZER_NONNULL = YES;
				CLANG_ANALYZER_NUMBER_OBJECT_CONVERSION = YES_AGGRESSIVE;
				CLANG_CXX_LANGUAGE_STANDARD = "gnu++14";
				CLANG_CXX_LIBRARY = "libc++";
				CLANG_ENABLE_MODULES = YES;
				CLANG_ENABLE_OBJC_ARC = YES;
				CLANG_WARN_BLOCK_CAPTURE_AUTORELEASING = YES;
				CLANG_WARN_BOOL_CONVERSION = YES;
				CLANG_WARN_COMMA = YES;
				CLANG_WARN_CONSTANT_CONVERSION = YES;
				CLANG_WARN_DIRECT_OBJC_ISA_USAGE = YES_ERROR;
				CLANG_WARN_DOCUMENTATION_COMMENTS = YES;
				CLANG_WARN_EMPTY_BODY = YES;
				CLANG_WARN_ENUM_CONVERSION = YES;
				CLANG_WARN_INFINITE_RECURSION = YES;
				CLANG_WARN_INT_CONVERSION = YES;
				CLANG_WARN_NON_LITERAL_NULL_CONVERSION = YES;
				CLANG_WARN_OBJC_LITERAL_CONVERSION = YES;
				CLANG_WARN_OBJC_ROOT_CLASS = YES_ERROR;
				CLANG_WARN_RANGE_LOOP_ANALYSIS = YES;
				CLANG_WARN_STRICT_PROTOTYPES = YES;
				CLANG_WARN_SUSPICIOUS_MOVE = YES;
				CLANG_WARN_UNGUARDED_AVAILABILITY = YES_AGGRESSIVE;
				CLANG_WARN_UNREACHABLE_CODE = YES;
				CLANG_WARN__DUPLICATE_METHOD_MATCH = YES;
				CODE_SIGN_IDENTITY = "iPhone Developer";
				COPY_PHASE_STRIP = NO;
				DEBUG_INFORMATION_FORMAT = "dwarf-with-dsym";
				ENABLE_NS_ASSERTIONS = NO;
				ENABLE_STRICT_OBJC_MSGSEND = YES;
				GCC_C_LANGUAGE_STANDARD = gnu11;
				GCC_NO_COMMON_BLOCKS = YES;
				GCC_WARN_64_TO_32_BIT_CONVERSION = YES;
				GCC_WARN_ABOUT_RETURN_TYPE = YES_ERROR;
				GCC_WARN_UNDECLARED_SELECTOR = YES;
				GCC_WARN_UNINITIALIZED_AUTOS = YES_AGGRESSIVE;
				GCC_WARN_UNUSED_FUNCTION = YES;
				GCC_WARN_UNUSED_VARIABLE = YES;
				IPHONEOS_DEPLOYMENT_TARGET = 11.0;
				MTL_ENABLE_DEBUG_INFO = NO;
				SDKROOT = iphoneos;
				SWIFT_OPTIMIZATION_LEVEL = "-Owholemodule";
				VALIDATE_PRODUCT = YES;
			};
			name = Release;
		};
		89B1240A1FA2569A00C355E1 /* Debug */ = {
			isa = XCBuildConfiguration;
			buildSettings = {
				ASSETCATALOG_COMPILER_APPICON_NAME = AppIcon;
				CODE_SIGN_STYLE = Automatic;
				INFOPLIST_FILE = "$(SRCROOT)/CSPFrameworkApp/Resoruces/Info.plist";
				LD_RUNPATH_SEARCH_PATHS = "$(inherited) @executable_path/Frameworks";
				PRODUCT_BUNDLE_IDENTIFIER = "Jones--Alec.CSPFrameworkApp";
				PRODUCT_NAME = "$(TARGET_NAME)";
				SWIFT_VERSION = 4.0;
				TARGETED_DEVICE_FAMILY = "1,2";
			};
			name = Debug;
		};
		89B1240B1FA2569A00C355E1 /* Release */ = {
			isa = XCBuildConfiguration;
			buildSettings = {
				ASSETCATALOG_COMPILER_APPICON_NAME = AppIcon;
				CODE_SIGN_STYLE = Automatic;
				INFOPLIST_FILE = "$(SRCROOT)/CSPFrameworkApp/Resoruces/Info.plist";
				LD_RUNPATH_SEARCH_PATHS = "$(inherited) @executable_path/Frameworks";
				PRODUCT_BUNDLE_IDENTIFIER = "Jones--Alec.CSPFrameworkApp";
				PRODUCT_NAME = "$(TARGET_NAME)";
				SWIFT_VERSION = 4.0;
				TARGETED_DEVICE_FAMILY = "1,2";
			};
			name = Release;
		};
/* End XCBuildConfiguration section */

/* Begin XCConfigurationList section */
		89B123F21FA2569A00C355E1 /* Build configuration list for PBXProject "CSPFrameworkAppAlecJones" */ = {
			isa = XCConfigurationList;
			buildConfigurations = (
				89B124071FA2569A00C355E1 /* Debug */,
				89B124081FA2569A00C355E1 /* Release */,
			);
			defaultConfigurationIsVisible = 0;
			defaultConfigurationName = Release;
		};
		89B124091FA2569A00C355E1 /* Build configuration list for PBXNativeTarget "CSPFrameworkApp" */ = {
			isa = XCConfigurationList;
			buildConfigurations = (
				89B1240A1FA2569A00C355E1 /* Debug */,
				89B1240B1FA2569A00C355E1 /* Release */,
			);
			defaultConfigurationIsVisible = 0;
			defaultConfigurationName = Release;
		};
/* End XCConfigurationList section */
	};
	rootObject = 89B123EF1FA2569A00C355E1 /* Project object */;
}
